
Microsoft Visual Studio Solution File, Format Version 12.00
# Visual Studio Version 17
VisualStudioVersion = 17.11.35312.102
MinimumVisualStudioVersion = 10.0.40219.1
Project("{9A19103F-16F7-4668-BE54-9A1E7A4F7556}") = "CodenamesWeb", "CodenamesWeb\CodenamesWeb.csproj", "{17CE4DF6-4E55-4816-B9EE-20C452DE6817}"
EndProject
Project("{FAE04EC0-301F-11D3-BF4B-00C04F79EFBC}") = "CodenamesServer", "CodenamesServer\CodenamesServer.csproj", "{DD32116B-E4C8-4C16-B03C-452B5F39A94C}"
EndProject
Global
	GlobalSection(SolutionConfigurationPlatforms) = preSolution
		Debug|Any CPU = Debug|Any CPU
		Release|Any CPU = Release|Any CPU
	EndGlobalSection
	GlobalSection(ProjectConfigurationPlatforms) = postSolution
		{17CE4DF6-4E55-4816-B9EE-20C452DE6817}.Debug|Any CPU.ActiveCfg = Debug|Any CPU
		{17CE4DF6-4E55-4816-B9EE-20C452DE6817}.Debug|Any CPU.Build.0 = Debug|Any CPU
		{17CE4DF6-4E55-4816-B9EE-20C452DE6817}.Release|Any CPU.ActiveCfg = Release|Any CPU
		{17CE4DF6-4E55-4816-B9EE-20C452DE6817}.Release|Any CPU.Build.0 = Release|Any CPU
		{DD32116B-E4C8-4C16-B03C-452B5F39A94C}.Debug|Any CPU.ActiveCfg = Debug|Any CPU
		{DD32116B-E4C8-4C16-B03C-452B5F39A94C}.Debug|Any CPU.Build.0 = Debug|Any CPU
		{DD32116B-E4C8-4C16-B03C-452B5F39A94C}.Release|Any CPU.ActiveCfg = Release|Any CPU
		{DD32116B-E4C8-4C16-B03C-452B5F39A94C}.Release|Any CPU.Build.0 = Release|Any CPU
	EndGlobalSection
	GlobalSection(SolutionProperties) = preSolution
		HideSolutionNode = FALSE
	EndGlobalSection
	GlobalSection(ExtensibilityGlobals) = postSolution
		SolutionGuid = {7648FE4F-5F60-4F28-BEAA-E43855DB7C40}
	EndGlobalSection
EndGlobal
