
Microsoft Visual Studio Solution File, Format Version 12.00
# Visual Studio Version 17
VisualStudioVersion = 17.11.35312.102
MinimumVisualStudioVersion = 10.0.40219.1
Project("{FAE04EC0-301F-11D3-BF4B-00C04F79EFBC}") = "Codenames", "Codenames\Codenames\Codenames.csproj", "{33BFE401-B40F-4A80-8793-4C770795DB38}"
EndProject
Project("{FAE04EC0-301F-11D3-BF4B-00C04F79EFBC}") = "Codenames.Client", "Codenames\Codenames.Client\Codenames.Client.csproj", "{B4C114F2-87A2-4AAA-8433-70DB5B5D6D3F}"
EndProject
Global
	GlobalSection(SolutionConfigurationPlatforms) = preSolution
		Debug|Any CPU = Debug|Any CPU
		Release|Any CPU = Release|Any CPU
	EndGlobalSection
	GlobalSection(ProjectConfigurationPlatforms) = postSolution
		{33BFE401-B40F-4A80-8793-4C770795DB38}.Debug|Any CPU.ActiveCfg = Debug|Any CPU
		{33BFE401-B40F-4A80-8793-4C770795DB38}.Debug|Any CPU.Build.0 = Debug|Any CPU
		{33BFE401-B40F-4A80-8793-4C770795DB38}.Release|Any CPU.ActiveCfg = Release|Any CPU
		{33BFE401-B40F-4A80-8793-4C770795DB38}.Release|Any CPU.Build.0 = Release|Any CPU
		{B4C114F2-87A2-4AAA-8433-70DB5B5D6D3F}.Debug|Any CPU.ActiveCfg = Debug|Any CPU
		{B4C114F2-87A2-4AAA-8433-70DB5B5D6D3F}.Debug|Any CPU.Build.0 = Debug|Any CPU
		{B4C114F2-87A2-4AAA-8433-70DB5B5D6D3F}.Release|Any CPU.ActiveCfg = Release|Any CPU
		{B4C114F2-87A2-4AAA-8433-70DB5B5D6D3F}.Release|Any CPU.Build.0 = Release|Any CPU
	EndGlobalSection
	GlobalSection(SolutionProperties) = preSolution
		HideSolutionNode = FALSE
	EndGlobalSection
	GlobalSection(ExtensibilityGlobals) = postSolution
		SolutionGuid = {7648FE4F-5F60-4F28-BEAA-E43855DB7C40}
	EndGlobalSection
EndGlobal
